{
    "_meta": {
        "hash": {
            "sha256": "ae0ff7670487708282f995cb50b680f79c452f3c9b8e74ba68c49e7ac1ab3f9c"
        },
        "pipfile-spec": 6,
        "requires": {
            "python_version": "3.6"
        },
        "sources": [
            {
                "name": "pypi",
                "url": "https://pypi.org/simple",
                "verify_ssl": true
            }
        ]
    },
    "default": {
        "odarchive": {
            "hashes": [
                "sha256:268772d0a84c264633fb4441d0ac62e672413ff5ae873e01a7952a346391768f",
                "sha256:799dda1d81c96c4bf46b36917fba685a8dd9e2581f15311174f188072d00c29e"
            ],
            "index": "pypi",
            "version": "==0.0.3"
        }
    },
    "develop": {}
}
